
Microsoft Visual Studio Solution File, Format Version 12.00
# Visual Studio 15
VisualStudioVersion = 15.0.27004.2005
MinimumVisualStudioVersion = 10.0.40219.1
Project("{8BC9CEB8-8B4A-11D0-8D11-00A0C91BC942}") = "Vending Machine", "Vending Machine\Vending Machine.vcxproj", "{179099F5-DD6F-42D4-971F-0BDC3CD654B2}"
EndProject
Global
	GlobalSection(SolutionConfigurationPlatforms) = preSolution
		Debug|x64 = Debug|x64
		Debug|x86 = Debug|x86
		Release|x64 = Release|x64
		Release|x86 = Release|x86
	EndGlobalSection
	GlobalSection(ProjectConfigurationPlatforms) = postSolution
		{179099F5-DD6F-42D4-971F-0BDC3CD654B2}.Debug|x64.ActiveCfg = Debug|x64
		{179099F5-DD6F-42D4-971F-0BDC3CD654B2}.Debug|x64.Build.0 = Debug|x64
		{179099F5-DD6F-42D4-971F-0BDC3CD654B2}.Debug|x86.ActiveCfg = Debug|Win32
		{179099F5-DD6F-42D4-971F-0BDC3CD654B2}.Debug|x86.Build.0 = Debug|Win32
		{179099F5-DD6F-42D4-971F-0BDC3CD654B2}.Release|x64.ActiveCfg = Release|x64
		{179099F5-DD6F-42D4-971F-0BDC3CD654B2}.Release|x64.Build.0 = Release|x64
		{179099F5-DD6F-42D4-971F-0BDC3CD654B2}.Release|x86.ActiveCfg = Release|Win32
		{179099F5-DD6F-42D4-971F-0BDC3CD654B2}.Release|x86.Build.0 = Release|Win32
	EndGlobalSection
	GlobalSection(SolutionProperties) = preSolution
		HideSolutionNode = FALSE
	EndGlobalSection
	GlobalSection(ExtensibilityGlobals) = postSolution
		SolutionGuid = {CE29D437-9FC6-4F92-BED5-B1A79C8A34EE}
	EndGlobalSection
EndGlobal
